
Microsoft Visual Studio Solution File, Format Version 12.00
# Visual Studio Version 16
VisualStudioVersion = 16.0.30503.244
MinimumVisualStudioVersion = 10.0.40219.1
Project("{9A19103F-16F7-4668-BE54-9A1E7A4F7556}") = "2 - Business Model", "2 - Business Model\2 - Business Model.csproj", "{42E3F2BA-1621-4AE2-9886-D1BA76857ADD}"
EndProject
Project("{9A19103F-16F7-4668-BE54-9A1E7A4F7556}") = "3 - Business Logic Layer", "3 - Business Logic Layer\3 - Business Logic Layer.csproj", "{710837A2-F4B6-4C43-B106-06F1A848C080}"
EndProject
Project("{9A19103F-16F7-4668-BE54-9A1E7A4F7556}") = "4 - REST API", "4 - REST API\4 - REST API.csproj", "{BD797EAE-FCB9-46EE-B2CD-E3F67B055BEB}"
EndProject
Project("{FAE04EC0-301F-11D3-BF4B-00C04F79EFBC}") = "1 - Data Access Layer", "1 - Data Access Layer\1 - Data Access Layer.csproj", "{0BD590BC-8F1C-49F3-A3F4-8B3884085B9A}"
EndProject
Global
	GlobalSection(SolutionConfigurationPlatforms) = preSolution
		Debug|Any CPU = Debug|Any CPU
		Release|Any CPU = Release|Any CPU
	EndGlobalSection
	GlobalSection(ProjectConfigurationPlatforms) = postSolution
		{42E3F2BA-1621-4AE2-9886-D1BA76857ADD}.Debug|Any CPU.ActiveCfg = Debug|Any CPU
		{42E3F2BA-1621-4AE2-9886-D1BA76857ADD}.Debug|Any CPU.Build.0 = Debug|Any CPU
		{42E3F2BA-1621-4AE2-9886-D1BA76857ADD}.Release|Any CPU.ActiveCfg = Release|Any CPU
		{42E3F2BA-1621-4AE2-9886-D1BA76857ADD}.Release|Any CPU.Build.0 = Release|Any CPU
		{710837A2-F4B6-4C43-B106-06F1A848C080}.Debug|Any CPU.ActiveCfg = Debug|Any CPU
		{710837A2-F4B6-4C43-B106-06F1A848C080}.Debug|Any CPU.Build.0 = Debug|Any CPU
		{710837A2-F4B6-4C43-B106-06F1A848C080}.Release|Any CPU.ActiveCfg = Release|Any CPU
		{710837A2-F4B6-4C43-B106-06F1A848C080}.Release|Any CPU.Build.0 = Release|Any CPU
		{BD797EAE-FCB9-46EE-B2CD-E3F67B055BEB}.Debug|Any CPU.ActiveCfg = Debug|Any CPU
		{BD797EAE-FCB9-46EE-B2CD-E3F67B055BEB}.Debug|Any CPU.Build.0 = Debug|Any CPU
		{BD797EAE-FCB9-46EE-B2CD-E3F67B055BEB}.Release|Any CPU.ActiveCfg = Release|Any CPU
		{BD797EAE-FCB9-46EE-B2CD-E3F67B055BEB}.Release|Any CPU.Build.0 = Release|Any CPU
		{0BD590BC-8F1C-49F3-A3F4-8B3884085B9A}.Debug|Any CPU.ActiveCfg = Debug|Any CPU
		{0BD590BC-8F1C-49F3-A3F4-8B3884085B9A}.Debug|Any CPU.Build.0 = Debug|Any CPU
		{0BD590BC-8F1C-49F3-A3F4-8B3884085B9A}.Release|Any CPU.ActiveCfg = Release|Any CPU
		{0BD590BC-8F1C-49F3-A3F4-8B3884085B9A}.Release|Any CPU.Build.0 = Release|Any CPU
	EndGlobalSection
	GlobalSection(SolutionProperties) = preSolution
		HideSolutionNode = FALSE
	EndGlobalSection
	GlobalSection(ExtensibilityGlobals) = postSolution
		SolutionGuid = {93004A9F-5458-4246-8B99-CEDA1412998D}
	EndGlobalSection
EndGlobal
